
Microsoft Visual Studio Solution File, Format Version 12.00
# Visual Studio Version 17
VisualStudioVersion = 17.5.33530.505
MinimumVisualStudioVersion = 10.0.40219.1
Project("{FAE04EC0-301F-11D3-BF4B-00C04F79EFBC}") = "StudentManagerApp", "StudentManagerApp\StudentManagerApp.csproj", "{E7E428D0-28F8-43E4-83B7-371F2041029E}"
EndProject
Global
	GlobalSection(SolutionConfigurationPlatforms) = preSolution
		Debug|Any CPU = Debug|Any CPU
		Release|Any CPU = Release|Any CPU
	EndGlobalSection
	GlobalSection(ProjectConfigurationPlatforms) = postSolution
		{E7E428D0-28F8-43E4-83B7-371F2041029E}.Debug|Any CPU.ActiveCfg = Debug|Any CPU
		{E7E428D0-28F8-43E4-83B7-371F2041029E}.Debug|Any CPU.Build.0 = Debug|Any CPU
		{E7E428D0-28F8-43E4-83B7-371F2041029E}.Release|Any CPU.ActiveCfg = Release|Any CPU
		{E7E428D0-28F8-43E4-83B7-371F2041029E}.Release|Any CPU.Build.0 = Release|Any CPU
	EndGlobalSection
	GlobalSection(SolutionProperties) = preSolution
		HideSolutionNode = FALSE
	EndGlobalSection
	GlobalSection(ExtensibilityGlobals) = postSolution
		SolutionGuid = {CF066757-7A5E-420B-89DA-6E503D5E735B}
	EndGlobalSection
EndGlobal
